
Microsoft Visual Studio Solution File, Format Version 12.00
# Visual Studio Version 16
VisualStudioVersion = 16.0.31025.194
MinimumVisualStudioVersion = 10.0.40219.1
Project("{888888A0-9F3D-457C-B088-3A5042F75D52}") = "python trader", "python trader\python trader.pyproj", "{0CCE550D-3DDB-4A67-96FF-EFF4833F458D}"
EndProject
Global
	GlobalSection(SolutionConfigurationPlatforms) = preSolution
		Debug|Any CPU = Debug|Any CPU
		Release|Any CPU = Release|Any CPU
	EndGlobalSection
	GlobalSection(ProjectConfigurationPlatforms) = postSolution
		{0CCE550D-3DDB-4A67-96FF-EFF4833F458D}.Debug|Any CPU.ActiveCfg = Debug|Any CPU
		{0CCE550D-3DDB-4A67-96FF-EFF4833F458D}.Release|Any CPU.ActiveCfg = Release|Any CPU
	EndGlobalSection
	GlobalSection(SolutionProperties) = preSolution
		HideSolutionNode = FALSE
	EndGlobalSection
	GlobalSection(ExtensibilityGlobals) = postSolution
		SolutionGuid = {3B040F97-D3A8-4AFF-A1B7-5695C7038F4D}
	EndGlobalSection
EndGlobal
